
Microsoft Visual Studio Solution File, Format Version 12.00
# Visual Studio Version 16
VisualStudioVersion = 16.0.31911.196
MinimumVisualStudioVersion = 10.0.40219.1
Project("{FAE04EC0-301F-11D3-BF4B-00C04F79EFBC}") = "WinFormsApp1", "WinFormsApp1.csproj", "{F8806093-B62B-441C-AC78-D060EB114706}"
EndProject
Global
	GlobalSection(SolutionConfigurationPlatforms) = preSolution
		Debug|Any CPU = Debug|Any CPU
		Release|Any CPU = Release|Any CPU
	EndGlobalSection
	GlobalSection(ProjectConfigurationPlatforms) = postSolution
		{F8806093-B62B-441C-AC78-D060EB114706}.Debug|Any CPU.ActiveCfg = Debug|Any CPU
		{F8806093-B62B-441C-AC78-D060EB114706}.Debug|Any CPU.Build.0 = Debug|Any CPU
		{F8806093-B62B-441C-AC78-D060EB114706}.Release|Any CPU.ActiveCfg = Release|Any CPU
		{F8806093-B62B-441C-AC78-D060EB114706}.Release|Any CPU.Build.0 = Release|Any CPU
	EndGlobalSection
	GlobalSection(SolutionProperties) = preSolution
		HideSolutionNode = FALSE
	EndGlobalSection
	GlobalSection(ExtensibilityGlobals) = postSolution
		SolutionGuid = {1458F448-6F84-47C2-ADB6-3C35D5906124}
	EndGlobalSection
EndGlobal
